
Microsoft Visual Studio Solution File, Format Version 12.00
# Visual Studio Version 17
VisualStudioVersion = 17.4.33213.308
MinimumVisualStudioVersion = 10.0.40219.1
Project("{FAE04EC0-301F-11D3-BF4B-00C04F79EFBC}") = "InheritanceLab", "InheritanceLab\InheritanceLab.csproj", "{B6BA58CA-B57D-49E0-9726-8011CEB16C8F}"
EndProject
Global
	GlobalSection(SolutionConfigurationPlatforms) = preSolution
		Debug|Any CPU = Debug|Any CPU
		Release|Any CPU = Release|Any CPU
	EndGlobalSection
	GlobalSection(ProjectConfigurationPlatforms) = postSolution
		{B6BA58CA-B57D-49E0-9726-8011CEB16C8F}.Debug|Any CPU.ActiveCfg = Debug|Any CPU
		{B6BA58CA-B57D-49E0-9726-8011CEB16C8F}.Debug|Any CPU.Build.0 = Debug|Any CPU
		{B6BA58CA-B57D-49E0-9726-8011CEB16C8F}.Release|Any CPU.ActiveCfg = Release|Any CPU
		{B6BA58CA-B57D-49E0-9726-8011CEB16C8F}.Release|Any CPU.Build.0 = Release|Any CPU
	EndGlobalSection
	GlobalSection(SolutionProperties) = preSolution
		HideSolutionNode = FALSE
	EndGlobalSection
	GlobalSection(ExtensibilityGlobals) = postSolution
		SolutionGuid = {06F420EC-20F7-4257-846E-770A4A17F40B}
	EndGlobalSection
EndGlobal
